
Microsoft Visual Studio Solution File, Format Version 12.00
# Visual Studio Version 17
VisualStudioVersion = 17.4.33205.214
MinimumVisualStudioVersion = 10.0.40219.1
Project("{FAE04EC0-301F-11D3-BF4B-00C04F79EFBC}") = "LibAppDotNet", "LibAppDotNet\LibAppDotNet.csproj", "{A9CA8026-1899-4867-B02D-60CDADA7D185}"
EndProject
Global
	GlobalSection(SolutionConfigurationPlatforms) = preSolution
		Debug|Any CPU = Debug|Any CPU
		Release|Any CPU = Release|Any CPU
	EndGlobalSection
	GlobalSection(ProjectConfigurationPlatforms) = postSolution
		{A9CA8026-1899-4867-B02D-60CDADA7D185}.Debug|Any CPU.ActiveCfg = Debug|Any CPU
		{A9CA8026-1899-4867-B02D-60CDADA7D185}.Debug|Any CPU.Build.0 = Debug|Any CPU
		{A9CA8026-1899-4867-B02D-60CDADA7D185}.Release|Any CPU.ActiveCfg = Release|Any CPU
		{A9CA8026-1899-4867-B02D-60CDADA7D185}.Release|Any CPU.Build.0 = Release|Any CPU
	EndGlobalSection
	GlobalSection(SolutionProperties) = preSolution
		HideSolutionNode = FALSE
	EndGlobalSection
	GlobalSection(ExtensibilityGlobals) = postSolution
		SolutionGuid = {D649CBEB-3FA9-403E-8BD4-7B3F0CD32263}
	EndGlobalSection
EndGlobal
